
Microsoft Visual Studio Solution File, Format Version 12.00
# Visual Studio Version 17
VisualStudioVersion = 17.10.34928.147
MinimumVisualStudioVersion = 10.0.40219.1
Project("{9A19103F-16F7-4668-BE54-9A1E7A4F7556}") = "mvc", "To Do Web App\mvc.csproj", "{30F4305F-DC1C-41AC-ACA6-3E22D003CC59}"
EndProject
Global
	GlobalSection(SolutionConfigurationPlatforms) = preSolution
		Debug|Any CPU = Debug|Any CPU
		Release|Any CPU = Release|Any CPU
	EndGlobalSection
	GlobalSection(ProjectConfigurationPlatforms) = postSolution
		{30F4305F-DC1C-41AC-ACA6-3E22D003CC59}.Debug|Any CPU.ActiveCfg = Debug|Any CPU
		{30F4305F-DC1C-41AC-ACA6-3E22D003CC59}.Debug|Any CPU.Build.0 = Debug|Any CPU
		{30F4305F-DC1C-41AC-ACA6-3E22D003CC59}.Release|Any CPU.ActiveCfg = Release|Any CPU
		{30F4305F-DC1C-41AC-ACA6-3E22D003CC59}.Release|Any CPU.Build.0 = Release|Any CPU
	EndGlobalSection
	GlobalSection(SolutionProperties) = preSolution
		HideSolutionNode = FALSE
	EndGlobalSection
	GlobalSection(ExtensibilityGlobals) = postSolution
		SolutionGuid = {C1A573AD-C5C5-4805-85F6-F4E4E272FB40}
	EndGlobalSection
EndGlobal
